{
  "name": "js-solver",
  "version": "1.0.0",
  "lockfileVersion": 2,
  "requires": true,
  "packages": {
    "": {
      "name": "js-solver",
      "version": "1.0.0",
      "license": "ISC",
      "dependencies": {
        "kociemba": "^1.0.1",
        "rubiks-cube-solver": "^1.2.0"
      }
    },
    "node_modules/array-element-combiner": {
      "version": "1.0.0",
      "resolved": "https://registry.npmjs.org/array-element-combiner/-/array-element-combiner-1.0.0.tgz",
      "integrity": "sha512-mBOJ8Q5Shs6ZEjsrvKpBH9u9wirFt4HkzfAaLxeY7lvb5WIp7ZJsK5tlutRrMjMER+FJV0uY5G+tWyUXJjnLKw=="
    },
    "node_modules/gl-vec3": {
      "version": "1.1.3",
      "resolved": "https://registry.npmjs.org/gl-vec3/-/gl-vec3-1.1.3.tgz",
      "integrity": "sha512-jduKUqT0SGH02l8Yl+mV1yVsDfYgQAJyXGxkJQGyxPLHRiW25DwVIRPt6uvhrEMHftJfqhqKthRcyZqNEl9Xdw=="
    },
    "node_modules/kociemba": {
      "version": "1.0.1",
      "resolved": "https://registry.npmjs.org/kociemba/-/kociemba-1.0.1.tgz",
      "integrity": "sha512-1Dofnww4oUwFS6E9YVvCQxMhZqcgrZ6ezTdGcjF6kGEx2CARfvNG2w0hKHg+drIr4v8THSwzcGXQI58IUi2CRw==",
      "hasInstallScript": true,
      "dependencies": {
        "node-gyp-build": "^4.2.3"
      }
    },
    "node_modules/node-gyp-build": {
      "version": "4.5.0",
      "resolved": "https://registry.npmjs.org/node-gyp-build/-/node-gyp-build-4.5.0.tgz",
      "integrity": "sha512-2iGbaQBV+ITgCz76ZEjmhUKAKVf7xfY1sRl4UiKQspfZMH2h06SyhNsnSVy50cwkFQDGLyif6m/6uFXHkOZ6rg==",
      "bin": {
        "node-gyp-build": "bin.js",
        "node-gyp-build-optional": "optional.js",
        "node-gyp-build-test": "build-test.js"
      }
    },
    "node_modules/rubiks-cube-solver": {
      "version": "1.2.0",
      "resolved": "https://registry.npmjs.org/rubiks-cube-solver/-/rubiks-cube-solver-1.2.0.tgz",
      "integrity": "sha512-3kzz/BggBBJpLHnp1i1qPtDp3WigBBB6dZyI5VzeE4IvkmrtR46aDLUdFeHYYvwhfeUmb4AJcasOyA2eaFI7Bg==",
      "dependencies": {
        "array-element-combiner": "^1.0.0",
        "gl-vec3": "^1.0.3"
      }
    }
  },
  "dependencies": {
    "array-element-combiner": {
      "version": "1.0.0",
      "resolved": "https://registry.npmjs.org/array-element-combiner/-/array-element-combiner-1.0.0.tgz",
      "integrity": "sha512-mBOJ8Q5Shs6ZEjsrvKpBH9u9wirFt4HkzfAaLxeY7lvb5WIp7ZJsK5tlutRrMjMER+FJV0uY5G+tWyUXJjnLKw=="
    },
    "gl-vec3": {
      "version": "1.1.3",
      "resolved": "https://registry.npmjs.org/gl-vec3/-/gl-vec3-1.1.3.tgz",
      "integrity": "sha512-jduKUqT0SGH02l8Yl+mV1yVsDfYgQAJyXGxkJQGyxPLHRiW25DwVIRPt6uvhrEMHftJfqhqKthRcyZqNEl9Xdw=="
    },
    "kociemba": {
      "version": "1.0.1",
      "resolved": "https://registry.npmjs.org/kociemba/-/kociemba-1.0.1.tgz",
      "integrity": "sha512-1Dofnww4oUwFS6E9YVvCQxMhZqcgrZ6ezTdGcjF6kGEx2CARfvNG2w0hKHg+drIr4v8THSwzcGXQI58IUi2CRw==",
      "requires": {
        "node-gyp-build": "^4.2.3"
      }
    },
    "node-gyp-build": {
      "version": "4.5.0",
      "resolved": "https://registry.npmjs.org/node-gyp-build/-/node-gyp-build-4.5.0.tgz",
      "integrity": "sha512-2iGbaQBV+ITgCz76ZEjmhUKAKVf7xfY1sRl4UiKQspfZMH2h06SyhNsnSVy50cwkFQDGLyif6m/6uFXHkOZ6rg=="
    },
    "rubiks-cube-solver": {
      "version": "1.2.0",
      "resolved": "https://registry.npmjs.org/rubiks-cube-solver/-/rubiks-cube-solver-1.2.0.tgz",
      "integrity": "sha512-3kzz/BggBBJpLHnp1i1qPtDp3WigBBB6dZyI5VzeE4IvkmrtR46aDLUdFeHYYvwhfeUmb4AJcasOyA2eaFI7Bg==",
      "requires": {
        "array-element-combiner": "^1.0.0",
        "gl-vec3": "^1.0.3"
      }
    }
  }
}
